
Microsoft Visual Studio Solution File, Format Version 12.00
# Visual Studio Version 17
VisualStudioVersion = 17.9.34607.119
MinimumVisualStudioVersion = 10.0.40219.1
Project("{FAE04EC0-301F-11D3-BF4B-00C04F79EFBC}") = "ClinicaAPI", "ClinicaAPI\ClinicaAPI.csproj", "{96BA1EB3-61D0-4853-9D6B-6F26B2C7C573}"
EndProject
Global
	GlobalSection(SolutionConfigurationPlatforms) = preSolution
		Debug|Any CPU = Debug|Any CPU
		Release|Any CPU = Release|Any CPU
	EndGlobalSection
	GlobalSection(ProjectConfigurationPlatforms) = postSolution
		{96BA1EB3-61D0-4853-9D6B-6F26B2C7C573}.Debug|Any CPU.ActiveCfg = Debug|Any CPU
		{96BA1EB3-61D0-4853-9D6B-6F26B2C7C573}.Debug|Any CPU.Build.0 = Debug|Any CPU
		{96BA1EB3-61D0-4853-9D6B-6F26B2C7C573}.Release|Any CPU.ActiveCfg = Release|Any CPU
		{96BA1EB3-61D0-4853-9D6B-6F26B2C7C573}.Release|Any CPU.Build.0 = Release|Any CPU
	EndGlobalSection
	GlobalSection(SolutionProperties) = preSolution
		HideSolutionNode = FALSE
	EndGlobalSection
	GlobalSection(ExtensibilityGlobals) = postSolution
		SolutionGuid = {DE3A341F-5CE1-40CC-A300-BDC5EC549E73}
	EndGlobalSection
EndGlobal
